
Microsoft Visual Studio Solution File, Format Version 12.00
# Visual Studio Version 17
VisualStudioVersion = 17.13.35825.156 d17.13
MinimumVisualStudioVersion = 10.0.40219.1
Project("{FAE04EC0-301F-11D3-BF4B-00C04F79EFBC}") = "Konyvtar", "Konyvtar\Konyvtar.csproj", "{35858B22-87C6-4273-BAC0-2F3EF5199CED}"
EndProject
Global
	GlobalSection(SolutionConfigurationPlatforms) = preSolution
		Debug|Any CPU = Debug|Any CPU
		Release|Any CPU = Release|Any CPU
	EndGlobalSection
	GlobalSection(ProjectConfigurationPlatforms) = postSolution
		{35858B22-87C6-4273-BAC0-2F3EF5199CED}.Debug|Any CPU.ActiveCfg = Debug|Any CPU
		{35858B22-87C6-4273-BAC0-2F3EF5199CED}.Debug|Any CPU.Build.0 = Debug|Any CPU
		{35858B22-87C6-4273-BAC0-2F3EF5199CED}.Release|Any CPU.ActiveCfg = Release|Any CPU
		{35858B22-87C6-4273-BAC0-2F3EF5199CED}.Release|Any CPU.Build.0 = Release|Any CPU
	EndGlobalSection
	GlobalSection(SolutionProperties) = preSolution
		HideSolutionNode = FALSE
	EndGlobalSection
	GlobalSection(ExtensibilityGlobals) = postSolution
		SolutionGuid = {19A03B98-6406-41AA-A53F-23AFDFAD605E}
	EndGlobalSection
EndGlobal
